
Microsoft Visual Studio Solution File, Format Version 12.00
# Visual Studio 15
VisualStudioVersion = 15.0.27004.2006
MinimumVisualStudioVersion = 10.0.40219.1
Project("{FAE04EC0-301F-11D3-BF4B-00C04F79EFBC}") = "TomLabs.Xml2Md.Generator", "TomLabs.Xml2Md.Generator\TomLabs.Xml2Md.Generator.csproj", "{FE9C24EC-3610-471D-9777-E32576506B91}"
EndProject
Project("{FAE04EC0-301F-11D3-BF4B-00C04F79EFBC}") = "TomLabs.Xml2Md.Core", "TomLabs.Xml2Md.Core\TomLabs.Xml2Md.Core.csproj", "{8720E1FA-2FAD-43CC-800D-C631BCF41E07}"
EndProject
Project("{2150E333-8FDC-42A3-9474-1A3956D46DE8}") = "Solution Items", "Solution Items", "{9311FDC6-991E-4041-BFBC-C9B6ADB84FED}"
	ProjectSection(SolutionItems) = preProject
		..\.gitattributes = ..\.gitattributes
		..\.gitignore = ..\.gitignore
		..\LICENSE = ..\LICENSE
		..\README.md = ..\README.md
	EndProjectSection
EndProject
Project("{FAE04EC0-301F-11D3-BF4B-00C04F79EFBC}") = "TomLabs.Xml2Md.Tests", "TomLabs.Xml2Md.Tests\TomLabs.Xml2Md.Tests.csproj", "{B4739372-252D-4F3C-92E8-98AA5DA88CCA}"
EndProject
Global
	GlobalSection(SolutionConfigurationPlatforms) = preSolution
		Debug|Any CPU = Debug|Any CPU
		Release|Any CPU = Release|Any CPU
	EndGlobalSection
	GlobalSection(ProjectConfigurationPlatforms) = postSolution
		{FE9C24EC-3610-471D-9777-E32576506B91}.Debug|Any CPU.ActiveCfg = Debug|Any CPU
		{FE9C24EC-3610-471D-9777-E32576506B91}.Debug|Any CPU.Build.0 = Debug|Any CPU
		{FE9C24EC-3610-471D-9777-E32576506B91}.Release|Any CPU.ActiveCfg = Release|Any CPU
		{FE9C24EC-3610-471D-9777-E32576506B91}.Release|Any CPU.Build.0 = Release|Any CPU
		{8720E1FA-2FAD-43CC-800D-C631BCF41E07}.Debug|Any CPU.ActiveCfg = Debug|Any CPU
		{8720E1FA-2FAD-43CC-800D-C631BCF41E07}.Debug|Any CPU.Build.0 = Debug|Any CPU
		{8720E1FA-2FAD-43CC-800D-C631BCF41E07}.Release|Any CPU.ActiveCfg = Release|Any CPU
		{8720E1FA-2FAD-43CC-800D-C631BCF41E07}.Release|Any CPU.Build.0 = Release|Any CPU
		{B4739372-252D-4F3C-92E8-98AA5DA88CCA}.Debug|Any CPU.ActiveCfg = Debug|Any CPU
		{B4739372-252D-4F3C-92E8-98AA5DA88CCA}.Debug|Any CPU.Build.0 = Debug|Any CPU
		{B4739372-252D-4F3C-92E8-98AA5DA88CCA}.Release|Any CPU.ActiveCfg = Release|Any CPU
		{B4739372-252D-4F3C-92E8-98AA5DA88CCA}.Release|Any CPU.Build.0 = Release|Any CPU
	EndGlobalSection
	GlobalSection(SolutionProperties) = preSolution
		HideSolutionNode = FALSE
	EndGlobalSection
	GlobalSection(ExtensibilityGlobals) = postSolution
		SolutionGuid = {A074D717-051E-4757-8412-77CA06287257}
	EndGlobalSection
EndGlobal
